
Microsoft Visual Studio Solution File, Format Version 12.00
# Visual Studio Version 17
VisualStudioVersion = 17.11.35327.3
MinimumVisualStudioVersion = 10.0.40219.1
Project("{FAE04EC0-301F-11D3-BF4B-00C04F79EFBC}") = "TodoServerApp", "TodoServerApp\TodoServerApp.csproj", "{BC867209-BDBE-460F-874C-E8A341B72309}"
EndProject
Global
	GlobalSection(SolutionConfigurationPlatforms) = preSolution
		Debug|Any CPU = Debug|Any CPU
		Release|Any CPU = Release|Any CPU
	EndGlobalSection
	GlobalSection(ProjectConfigurationPlatforms) = postSolution
		{BC867209-BDBE-460F-874C-E8A341B72309}.Debug|Any CPU.ActiveCfg = Debug|Any CPU
		{BC867209-BDBE-460F-874C-E8A341B72309}.Debug|Any CPU.Build.0 = Debug|Any CPU
		{BC867209-BDBE-460F-874C-E8A341B72309}.Release|Any CPU.ActiveCfg = Release|Any CPU
		{BC867209-BDBE-460F-874C-E8A341B72309}.Release|Any CPU.Build.0 = Release|Any CPU
	EndGlobalSection
	GlobalSection(SolutionProperties) = preSolution
		HideSolutionNode = FALSE
	EndGlobalSection
	GlobalSection(ExtensibilityGlobals) = postSolution
		SolutionGuid = {F94809A0-BCDD-4167-B589-3B77814B6506}
	EndGlobalSection
EndGlobal
